
Microsoft Visual Studio Solution File, Format Version 12.00
# Visual Studio Version 16
VisualStudioVersion = 16.0.30907.101
MinimumVisualStudioVersion = 10.0.40219.1
Project("{FAE04EC0-301F-11D3-BF4B-00C04F79EFBC}") = "PhoneBook.New", "PhoneBook.New\PhoneBook.New.csproj", "{AB2575DE-9B93-4050-A99A-A559A5BDE698}"
EndProject
Global
	GlobalSection(SolutionConfigurationPlatforms) = preSolution
		Debug|Any CPU = Debug|Any CPU
		Release|Any CPU = Release|Any CPU
	EndGlobalSection
	GlobalSection(ProjectConfigurationPlatforms) = postSolution
		{AB2575DE-9B93-4050-A99A-A559A5BDE698}.Debug|Any CPU.ActiveCfg = Debug|Any CPU
		{AB2575DE-9B93-4050-A99A-A559A5BDE698}.Debug|Any CPU.Build.0 = Debug|Any CPU
		{AB2575DE-9B93-4050-A99A-A559A5BDE698}.Release|Any CPU.ActiveCfg = Release|Any CPU
		{AB2575DE-9B93-4050-A99A-A559A5BDE698}.Release|Any CPU.Build.0 = Release|Any CPU
	EndGlobalSection
	GlobalSection(SolutionProperties) = preSolution
		HideSolutionNode = FALSE
	EndGlobalSection
	GlobalSection(ExtensibilityGlobals) = postSolution
		SolutionGuid = {A16CC960-145A-4B81-B9A0-20CCEDF11DC4}
	EndGlobalSection
EndGlobal
